// !$*UTF8*$!
{
	archiveVersion = 1;
	classes = {
	};
	objectVersion = 50;
	objects = {

/* Begin PBXBuildFile section */
		421283FA259F23E8009F6A34 /* DemoURLs.swift in Sources */ = {isa = PBXBuildFile; fileRef = 421283F9259F23E8009F6A34 /* DemoURLs.swift */; };
		42128404259F26CB009F6A34 /* oval.jpg in Resources */ = {isa = PBXBuildFile; fileRef = 42128403259F26CB009F6A34 /* oval.jpg */; };
		42FC1895259F653B0064B48C /* CassiniViewController.swift in Sources */ = {isa = PBXBuildFile; fileRef = 42FC1894259F653B0064B48C /* CassiniViewController.swift */; };
		E7013A8F259ED441001DE3F1 /* AppDelegate.swift in Sources */ = {isa = PBXBuildFile; fileRef = E7013A8E259ED441001DE3F1 /* AppDelegate.swift */; };
		E7013A91259ED441001DE3F1 /* SceneDelegate.swift in Sources */ = {isa = PBXBuildFile; fileRef = E7013A90259ED441001DE3F1 /* SceneDelegate.swift */; };
		E7013A96259ED441001DE3F1 /* Main.storyboard in Resources */ = {isa = PBXBuildFile; fileRef = E7013A94259ED441001DE3F1 /* Main.storyboard */; };
		E7013A98259ED442001DE3F1 /* Assets.xcassets in Resources */ = {isa = PBXBuildFile; fileRef = E7013A97259ED442001DE3F1 /* Assets.xcassets */; };
		E7013A9B259ED442001DE3F1 /* LaunchScreen.storyboard in Resources */ = {isa = PBXBuildFile; fileRef = E7013A99259ED442001DE3F1 /* LaunchScreen.storyboard */; };
		E7013AA7259EF0B6001DE3F1 /* ImageViewController.swift in Sources */ = {isa = PBXBuildFile; fileRef = E7013AA6259EF0B6001DE3F1 /* ImageViewController.swift */; };
/* End PBXBuildFile section */

/* Begin PBXFileReference section */
		421283F9259F23E8009F6A34 /* DemoURLs.swift */ = {isa = PBXFileReference; lastKnownFileType = sourcecode.swift; path = DemoURLs.swift; sourceTree = "<group>"; };
		42128403259F26CB009F6A34 /* oval.jpg */ = {isa = PBXFileReference; lastKnownFileType = image.jpeg; name = oval.jpg; path = ../../../../Downloads/oval.jpg; sourceTree = "<group>"; };
		42FC1894259F653B0064B48C /* CassiniViewController.swift */ = {isa = PBXFileReference; lastKnownFileType = sourcecode.swift; path = CassiniViewController.swift; sourceTree = "<group>"; };
		E7013A8B259ED441001DE3F1 /* Cassini.app */ = {isa = PBXFileReference; explicitFileType = wrapper.application; includeInIndex = 0; path = Cassini.app; sourceTree = BUILT_PRODUCTS_DIR; };
		E7013A8E259ED441001DE3F1 /* AppDelegate.swift */ = {isa = PBXFileReference; lastKnownFileType = sourcecode.swift; path = AppDelegate.swift; sourceTree = "<group>"; };
		E7013A90259ED441001DE3F1 /* SceneDelegate.swift */ = {isa = PBXFileReference; lastKnownFileType = sourcecode.swift; path = SceneDelegate.swift; sourceTree = "<group>"; };
		E7013A95259ED441001DE3F1 /* Base */ = {isa = PBXFileReference; lastKnownFileType = file.storyboard; name = Base; path = Base.lproj/Main.storyboard; sourceTree = "<group>"; };
		E7013A97259ED442001DE3F1 /* Assets.xcassets */ = {isa = PBXFileReference; lastKnownFileType = folder.assetcatalog; path = Assets.xcassets; sourceTree = "<group>"; };
		E7013A9A259ED442001DE3F1 /* Base */ = {isa = PBXFileReference; lastKnownFileType = file.storyboard; name = Base; path = Base.lproj/LaunchScreen.storyboard; sourceTree = "<group>"; };
		E7013A9C259ED442001DE3F1 /* Info.plist */ = {isa = PBXFileReference; lastKnownFileType = text.plist.xml; path = Info.plist; sourceTree = "<group>"; };
		E7013AA6259EF0B6001DE3F1 /* ImageViewController.swift */ = {isa = PBXFileReference; lastKnownFileType = sourcecode.swift; path = ImageViewController.swift; sourceTree = "<group>"; };
/* End PBXFileReference section */

/* Begin PBXFrameworksBuildPhase section */
		E7013A88259ED441001DE3F1 /* Frameworks */ = {
			isa = PBXFrameworksBuildPhase;
			buildActionMask = 2147483647;
			files = (
			);
			runOnlyForDeploymentPostprocessing = 0;
		};
/* End PBXFrameworksBuildPhase section */

/* Begin PBXGroup section */
		E7013A82259ED441001DE3F1 = {
			isa = PBXGroup;
			children = (
				E7013A8D259ED441001DE3F1 /* Cassini */,
				E7013A8C259ED441001DE3F1 /* Products */,
			);
			sourceTree = "<group>";
		};
		E7013A8C259ED441001DE3F1 /* Products */ = {
			isa = PBXGroup;
			children = (
				E7013A8B259ED441001DE3F1 /* Cassini.app */,
			);
			name = Products;
			sourceTree = "<group>";
		};
		E7013A8D259ED441001DE3F1 /* Cassini */ = {
			isa = PBXGroup;
			children = (
				E7013AA3259ED44D001DE3F1 /* Supporting Files */,
				E7013A94259ED441001DE3F1 /* Main.storyboard */,
				E7013A99259ED442001DE3F1 /* LaunchScreen.storyboard */,
				E7013A9C259ED442001DE3F1 /* Info.plist */,
				42128403259F26CB009F6A34 /* oval.jpg */,
				E7013AA6259EF0B6001DE3F1 /* ImageViewController.swift */,
				421283F9259F23E8009F6A34 /* DemoURLs.swift */,
				42FC1894259F653B0064B48C /* CassiniViewController.swift */,
			);
			path = Cassini;
			sourceTree = "<group>";
		};
		E7013AA3259ED44D001DE3F1 /* Supporting Files */ = {
			isa = PBXGroup;
			children = (
				E7013A8E259ED441001DE3F1 /* AppDelegate.swift */,
				E7013A90259ED441001DE3F1 /* SceneDelegate.swift */,
				E7013A97259ED442001DE3F1 /* Assets.xcassets */,
			);
			path = "Supporting Files";
			sourceTree = "<group>";
		};
/* End PBXGroup section */

/* Begin PBXNativeTarget section */
		E7013A8A259ED441001DE3F1 /* Cassini */ = {
			isa = PBXNativeTarget;
			buildConfigurationList = E7013A9F259ED442001DE3F1 /* Build configuration list for PBXNativeTarget "Cassini" */;
			buildPhases = (
				E7013A87259ED441001DE3F1 /* Sources */,
				E7013A88259ED441001DE3F1 /* Frameworks */,
				E7013A89259ED441001DE3F1 /* Resources */,
			);
			buildRules = (
			);
			dependencies = (
			);
			name = Cassini;
			productName = Cassini;
			productReference = E7013A8B259ED441001DE3F1 /* Cassini.app */;
			productType = "com.apple.product-type.application";
		};
/* End PBXNativeTarget section */

/* Begin PBXProject section */
		E7013A83259ED441001DE3F1 /* Project object */ = {
			isa = PBXProject;
			attributes = {
				LastSwiftUpdateCheck = 1220;
				LastUpgradeCheck = 1220;
				TargetAttributes = {
					E7013A8A259ED441001DE3F1 = {
						CreatedOnToolsVersion = 12.2;
					};
				};
			};
			buildConfigurationList = E7013A86259ED441001DE3F1 /* Build configuration list for PBXProject "Cassini" */;
			compatibilityVersion = "Xcode 9.3";
			developmentRegion = en;
			hasScannedForEncodings = 0;
			knownRegions = (
				en,
				Base,
			);
			mainGroup = E7013A82259ED441001DE3F1;
			productRefGroup = E7013A8C259ED441001DE3F1 /* Products */;
			projectDirPath = "";
			projectRoot = "";
			targets = (
				E7013A8A259ED441001DE3F1 /* Cassini */,
			);
		};
/* End PBXProject section */

/* Begin PBXResourcesBuildPhase section */
		E7013A89259ED441001DE3F1 /* Resources */ = {
			isa = PBXResourcesBuildPhase;
			buildActionMask = 2147483647;
			files = (
				E7013A9B259ED442001DE3F1 /* LaunchScreen.storyboard in Resources */,
				42128404259F26CB009F6A34 /* oval.jpg in Resources */,
				E7013A98259ED442001DE3F1 /* Assets.xcassets in Resources */,
				E7013A96259ED441001DE3F1 /* Main.storyboard in Resources */,
			);
			runOnlyForDeploymentPostprocessing = 0;
		};
/* End PBXResourcesBuildPhase section */

/* Begin PBXSourcesBuildPhase section */
		E7013A87259ED441001DE3F1 /* Sources */ = {
			isa = PBXSourcesBuildPhase;
			buildActionMask = 2147483647;
			files = (
				421283FA259F23E8009F6A34 /* DemoURLs.swift in Sources */,
				E7013A8F259ED441001DE3F1 /* AppDelegate.swift in Sources */,
				E7013AA7259EF0B6001DE3F1 /* ImageViewController.swift in Sources */,
				42FC1895259F653B0064B48C /* CassiniViewController.swift in Sources */,
				E7013A91259ED441001DE3F1 /* SceneDelegate.swift in Sources */,
			);
			runOnlyForDeploymentPostprocessing = 0;
		};
/* End PBXSourcesBuildPhase section */

/* Begin PBXVariantGroup section */
		E7013A94259ED441001DE3F1 /* Main.storyboard */ = {
			isa = PBXVariantGroup;
			children = (
				E7013A95259ED441001DE3F1 /* Base */,
			);
			name = Main.storyboard;
			sourceTree = "<group>";
		};
		E7013A99259ED442001DE3F1 /* LaunchScreen.storyboard */ = {
			isa = PBXVariantGroup;
			children = (
				E7013A9A259ED442001DE3F1 /* Base */,
			);
			name = LaunchScreen.storyboard;
			sourceTree = "<group>";
		};
/* End PBXVariantGroup section */

/* Begin XCBuildConfiguration section */
		E7013A9D259ED442001DE3F1 /* Debug */ = {
			isa = XCBuildConfiguration;
			buildSettings = {
				ALWAYS_SEARCH_USER_PATHS = NO;
				CLANG_ANALYZER_NONNULL = YES;
				CLANG_ANALYZER_NUMBER_OBJECT_CONVERSION = YES_AGGRESSIVE;
				CLANG_CXX_LANGUAGE_STANDARD = "gnu++14";
				CLANG_CXX_LIBRARY = "libc++";
				CLANG_ENABLE_MODULES = YES;
				CLANG_ENABLE_OBJC_ARC = YES;
				CLANG_ENABLE_OBJC_WEAK = YES;
				CLANG_WARN_BLOCK_CAPTURE_AUTORELEASING = YES;
				CLANG_WARN_BOOL_CONVERSION = YES;
				CLANG_WARN_COMMA = YES;
				CLANG_WARN_CONSTANT_CONVERSION = YES;
				CLANG_WARN_DEPRECATED_OBJC_IMPLEMENTATIONS = YES;
				CLANG_WARN_DIRECT_OBJC_ISA_USAGE = YES_ERROR;
				CLANG_WARN_DOCUMENTATION_COMMENTS = YES;
				CLANG_WARN_EMPTY_BODY = YES;
				CLANG_WARN_ENUM_CONVERSION = YES;
				CLANG_WARN_INFINITE_RECURSION = YES;
				CLANG_WARN_INT_CONVERSION = YES;
				CLANG_WARN_NON_LITERAL_NULL_CONVERSION = YES;
				CLANG_WARN_OBJC_IMPLICIT_RETAIN_SELF = YES;
				CLANG_WARN_OBJC_LITERAL_CONVERSION = YES;
				CLANG_WARN_OBJC_ROOT_CLASS = YES_ERROR;
				CLANG_WARN_QUOTED_INCLUDE_IN_FRAMEWORK_HEADER = YES;
				CLANG_WARN_RANGE_LOOP_ANALYSIS = YES;
				CLANG_WARN_STRICT_PROTOTYPES = YES;
				CLANG_WARN_SUSPICIOUS_MOVE = YES;
				CLANG_WARN_UNGUARDED_AVAILABILITY = YES_AGGRESSIVE;
				CLANG_WARN_UNREACHABLE_CODE = YES;
				CLANG_WARN__DUPLICATE_METHOD_MATCH = YES;
				COPY_PHASE_STRIP = NO;
				DEBUG_INFORMATION_FORMAT = dwarf;
				ENABLE_STRICT_OBJC_MSGSEND = YES;
				ENABLE_TESTABILITY = YES;
				GCC_C_LANGUAGE_STANDARD = gnu11;
				GCC_DYNAMIC_NO_PIC = NO;
				GCC_NO_COMMON_BLOCKS = YES;
				GCC_OPTIMIZATION_LEVEL = 0;
				GCC_PREPROCESSOR_DEFINITIONS = (
					"DEBUG=1",
					"$(inherited)",
				);
				GCC_WARN_64_TO_32_BIT_CONVERSION = YES;
				GCC_WARN_ABOUT_RETURN_TYPE = YES_ERROR;
				GCC_WARN_UNDECLARED_SELECTOR = YES;
				GCC_WARN_UNINITIALIZED_AUTOS = YES_AGGRESSIVE;
				GCC_WARN_UNUSED_FUNCTION = YES;
				GCC_WARN_UNUSED_VARIABLE = YES;
				IPHONEOS_DEPLOYMENT_TARGET = 14.2;
				MTL_ENABLE_DEBUG_INFO = INCLUDE_SOURCE;
				MTL_FAST_MATH = YES;
				ONLY_ACTIVE_ARCH = YES;
				SDKROOT = iphoneos;
				SWIFT_ACTIVE_COMPILATION_CONDITIONS = DEBUG;
				SWIFT_OPTIMIZATION_LEVEL = "-Onone";
			};
			name = Debug;
		};
		E7013A9E259ED442001DE3F1 /* Release */ = {
			isa = XCBuildConfiguration;
			buildSettings = {
				ALWAYS_SEARCH_USER_PATHS = NO;
				CLANG_ANALYZER_NONNULL = YES;
				CLANG_ANALYZER_NUMBER_OBJECT_CONVERSION = YES_AGGRESSIVE;
				CLANG_CXX_LANGUAGE_STANDARD = "gnu++14";
				CLANG_CXX_LIBRARY = "libc++";
				CLANG_ENABLE_MODULES = YES;
				CLANG_ENABLE_OBJC_ARC = YES;
				CLANG_ENABLE_OBJC_WEAK = YES;
				CLANG_WARN_BLOCK_CAPTURE_AUTORELEASING = YES;
				CLANG_WARN_BOOL_CONVERSION = YES;
				CLANG_WARN_COMMA = YES;
				CLANG_WARN_CONSTANT_CONVERSION = YES;
				CLANG_WARN_DEPRECATED_OBJC_IMPLEMENTATIONS = YES;
				CLANG_WARN_DIRECT_OBJC_ISA_USAGE = YES_ERROR;
				CLANG_WARN_DOCUMENTATION_COMMENTS = YES;
				CLANG_WARN_EMPTY_BODY = YES;
				CLANG_WARN_ENUM_CONVERSION = YES;
				CLANG_WARN_INFINITE_RECURSION = YES;
				CLANG_WARN_INT_CONVERSION = YES;
				CLANG_WARN_NON_LITERAL_NULL_CONVERSION = YES;
				CLANG_WARN_OBJC_IMPLICIT_RETAIN_SELF = YES;
				CLANG_WARN_OBJC_LITERAL_CONVERSION = YES;
				CLANG_WARN_OBJC_ROOT_CLASS = YES_ERROR;
				CLANG_WARN_QUOTED_INCLUDE_IN_FRAMEWORK_HEADER = YES;
				CLANG_WARN_RANGE_LOOP_ANALYSIS = YES;
				CLANG_WARN_STRICT_PROTOTYPES = YES;
				CLANG_WARN_SUSPICIOUS_MOVE = YES;
				CLANG_WARN_UNGUARDED_AVAILABILITY = YES_AGGRESSIVE;
				CLANG_WARN_UNREACHABLE_CODE = YES;
				CLANG_WARN__DUPLICATE_METHOD_MATCH = YES;
				COPY_PHASE_STRIP = NO;
				DEBUG_INFORMATION_FORMAT = "dwarf-with-dsym";
				ENABLE_NS_ASSERTIONS = NO;
				ENABLE_STRICT_OBJC_MSGSEND = YES;
				GCC_C_LANGUAGE_STANDARD = gnu11;
				GCC_NO_COMMON_BLOCKS = YES;
				GCC_WARN_64_TO_32_BIT_CONVERSION = YES;
				GCC_WARN_ABOUT_RETURN_TYPE = YES_ERROR;
				GCC_WARN_UNDECLARED_SELECTOR = YES;
				GCC_WARN_UNINITIALIZED_AUTOS = YES_AGGRESSIVE;
				GCC_WARN_UNUSED_FUNCTION = YES;
				GCC_WARN_UNUSED_VARIABLE = YES;
				IPHONEOS_DEPLOYMENT_TARGET = 14.2;
				MTL_ENABLE_DEBUG_INFO = NO;
				MTL_FAST_MATH = YES;
				SDKROOT = iphoneos;
				SWIFT_COMPILATION_MODE = wholemodule;
				SWIFT_OPTIMIZATION_LEVEL = "-O";
				VALIDATE_PRODUCT = YES;
			};
			name = Release;
		};
		E7013AA0259ED442001DE3F1 /* Debug */ = {
			isa = XCBuildConfiguration;
			buildSettings = {
				ASSETCATALOG_COMPILER_APPICON_NAME = AppIcon;
				ASSETCATALOG_COMPILER_GLOBAL_ACCENT_COLOR_NAME = AccentColor;
				CODE_SIGN_STYLE = Automatic;
				INFOPLIST_FILE = Cassini/Info.plist;
				LD_RUNPATH_SEARCH_PATHS = (
					"$(inherited)",
					"@executable_path/Frameworks",
				);
				PRODUCT_BUNDLE_IDENTIFIER = HieuTong.Cassini;
				PRODUCT_NAME = "$(TARGET_NAME)";
				SWIFT_VERSION = 5.0;
				TARGETED_DEVICE_FAMILY = "1,2";
			};
			name = Debug;
		};
		E7013AA1259ED442001DE3F1 /* Release */ = {
			isa = XCBuildConfiguration;
			buildSettings = {
				ASSETCATALOG_COMPILER_APPICON_NAME = AppIcon;
				ASSETCATALOG_COMPILER_GLOBAL_ACCENT_COLOR_NAME = AccentColor;
				CODE_SIGN_STYLE = Automatic;
				INFOPLIST_FILE = Cassini/Info.plist;
				LD_RUNPATH_SEARCH_PATHS = (
					"$(inherited)",
					"@executable_path/Frameworks",
				);
				PRODUCT_BUNDLE_IDENTIFIER = HieuTong.Cassini;
				PRODUCT_NAME = "$(TARGET_NAME)";
				SWIFT_VERSION = 5.0;
				TARGETED_DEVICE_FAMILY = "1,2";
			};
			name = Release;
		};
/* End XCBuildConfiguration section */

/* Begin XCConfigurationList section */
		E7013A86259ED441001DE3F1 /* Build configuration list for PBXProject "Cassini" */ = {
			isa = XCConfigurationList;
			buildConfigurations = (
				E7013A9D259ED442001DE3F1 /* Debug */,
				E7013A9E259ED442001DE3F1 /* Release */,
			);
			defaultConfigurationIsVisible = 0;
			defaultConfigurationName = Release;
		};
		E7013A9F259ED442001DE3F1 /* Build configuration list for PBXNativeTarget "Cassini" */ = {
			isa = XCConfigurationList;
			buildConfigurations = (
				E7013AA0259ED442001DE3F1 /* Debug */,
				E7013AA1259ED442001DE3F1 /* Release */,
			);
			defaultConfigurationIsVisible = 0;
			defaultConfigurationName = Release;
		};
/* End XCConfigurationList section */
	};
	rootObject = E7013A83259ED441001DE3F1 /* Project object */;
}
